{
    "_readme": [
        "This file locks the dependencies of your project to a known state",
        "Read more about it at https://getcomposer.org/doc/01-basic-usage.md#installing-dependencies",
        "This file is @generated automatically"
    ],
    "content-hash": "6d29e2f582901b1dcd82723288d9d29e",
    "packages": [
        {
            "name": "ezimuel/guzzlestreams",
            "version": "3.1.0",
            "source": {
                "type": "git",
                "url": "https://github.com/ezimuel/guzzlestreams.git",
                "reference": "b4b5a025dfee70d6cd34c780e07330eb93d5b997"
            },
            "dist": {
                "type": "zip",
                "url": "https://api.github.com/repos/ezimuel/guzzlestreams/zipball/b4b5a025dfee70d6cd34c780e07330eb93d5b997",
                "reference": "b4b5a025dfee70d6cd34c780e07330eb93d5b997",
                "shasum": ""
            },
            "require": {
                "php": ">=5.4.0"
            },
            "require-dev": {
                "phpunit/phpunit": "~9.0"
            },
            "type": "library",
            "extra": {
                "branch-alias": {
                    "dev-master": "3.0-dev"
                }
            },
            "autoload": {
                "psr-4": {
                    "GuzzleHttp\\Stream\\": "src/"
                }
            },
            "notification-url": "https://packagist.org/downloads/",
            "license": [
                "MIT"
            ],
            "authors": [
                {
                    "name": "Michael Dowling",
                    "email": "mtdowling@gmail.com",
                    "homepage": "https://github.com/mtdowling"
                }
            ],
            "description": "Fork of guzzle/streams (abandoned) to be used with elasticsearch-php",
            "homepage": "http://guzzlephp.org/",
            "keywords": [
                "Guzzle",
                "stream"
            ],
            "support": {
                "source": "https://github.com/ezimuel/guzzlestreams/tree/3.1.0"
            },
            "time": "2022-10-24T12:58:50+00:00"
        },
        {
            "name": "ezimuel/ringphp",
            "version": "1.2.2",
            "source": {
                "type": "git",
                "url": "https://github.com/ezimuel/ringphp.git",
                "reference": "7887fc8488013065f72f977dcb281994f5fde9f4"
            },
            "dist": {
                "type": "zip",
                "url": "https://api.github.com/repos/ezimuel/ringphp/zipball/7887fc8488013065f72f977dcb281994f5fde9f4",
                "reference": "7887fc8488013065f72f977dcb281994f5fde9f4",
                "shasum": ""
            },
            "require": {
                "ezimuel/guzzlestreams": "^3.0.1",
                "php": ">=5.4.0",
                "react/promise": "~2.0"
            },
            "replace": {
                "guzzlehttp/ringphp": "self.version"
            },
            "require-dev": {
                "ext-curl": "*",
                "phpunit/phpunit": "~9.0"
            },
            "suggest": {
                "ext-curl": "Guzzle will use specific adapters if cURL is present"
            },
            "type": "library",
            "extra": {
                "branch-alias": {
                    "dev-master": "1.1-dev"
                }
            },
            "autoload": {
                "psr-4": {
                    "GuzzleHttp\\Ring\\": "src/"
                }
            },
            "notification-url": "https://packagist.org/downloads/",
            "license": [
                "MIT"
            ],
            "authors": [
                {
                    "name": "Michael Dowling",
                    "email": "mtdowling@gmail.com",
                    "homepage": "https://github.com/mtdowling"
                }
            ],
            "description": "Fork of guzzle/RingPHP (abandoned) to be used with elasticsearch-php",
            "support": {
                "source": "https://github.com/ezimuel/ringphp/tree/1.2.2"
            },
            "time": "2022-12-07T11:28:53+00:00"
        },
        {
            "name": "opensearch-project/opensearch-php",
            "version": "2.2.0",
            "source": {
                "type": "git",
                "url": "https://github.com/opensearch-project/opensearch-php.git",
                "reference": "8b6cdbce1c5c2436fa2458fc1c9f698d0fc760c7"
            },
            "dist": {
                "type": "zip",
                "url": "https://api.github.com/repos/opensearch-project/opensearch-php/zipball/8b6cdbce1c5c2436fa2458fc1c9f698d0fc760c7",
                "reference": "8b6cdbce1c5c2436fa2458fc1c9f698d0fc760c7",
                "shasum": ""
            },
            "require": {
                "ext-curl": "*",
                "ext-json": ">=1.3.7",
                "ezimuel/ringphp": "^1.1.2",
                "php": "^7.3 || ^8.0",
                "psr/log": "^1|^2|^3"
            },
            "require-dev": {
                "aws/aws-sdk-php": "^3.0",
                "ext-zip": "*",
                "friendsofphp/php-cs-fixer": "^3.0",
                "mockery/mockery": "^1.2",
                "phpstan/phpstan": "^1.7.15",
                "phpstan/phpstan-mockery": "^1.1.0",
                "phpunit/phpunit": "^9.3",
                "symfony/finder": "~4.0 || ~5.0"
            },
            "suggest": {
                "aws/aws-sdk-php": "Required (^3.0.0) in order to use the SigV4 handler",
                "monolog/monolog": "Allows for client-level logging and tracing"
            },
            "type": "library",
            "autoload": {
                "psr-4": {
                    "OpenSearch\\": "src/OpenSearch/"
                }
            },
            "notification-url": "https://packagist.org/downloads/",
            "license": [
                "Apache-2.0",
                "LGPL-2.1-only"
            ],
            "authors": [
                {
                    "name": "Elastic"
                },
                {
                    "name": "OpenSearch Contributors"
                }
            ],
            "description": "PHP Client for OpenSearch",
            "keywords": [
                "client",
                "elasticsearch",
                "opensearch",
                "search"
            ],
            "support": {
                "issues": "https://github.com/opensearch-project/opensearch-php/issues",
                "source": "https://github.com/opensearch-project/opensearch-php/tree/2.2.0"
            },
            "time": "2023-05-20T16:57:42+00:00"
        },
        {
            "name": "psr/log",
            "version": "1.1.4",
            "source": {
                "type": "git",
                "url": "https://github.com/php-fig/log.git",
                "reference": "d49695b909c3b7628b6289db5479a1c204601f11"
            },
            "dist": {
                "type": "zip",
                "url": "https://api.github.com/repos/php-fig/log/zipball/d49695b909c3b7628b6289db5479a1c204601f11",
                "reference": "d49695b909c3b7628b6289db5479a1c204601f11",
                "shasum": ""
            },
            "require": {
                "php": ">=5.3.0"
            },
            "type": "library",
            "extra": {
                "branch-alias": {
                    "dev-master": "1.1.x-dev"
                }
            },
            "autoload": {
                "psr-4": {
                    "Psr\\Log\\": "Psr/Log/"
                }
            },
            "notification-url": "https://packagist.org/downloads/",
            "license": [
                "MIT"
            ],
            "authors": [
                {
                    "name": "PHP-FIG",
                    "homepage": "https://www.php-fig.org/"
                }
            ],
            "description": "Common interface for logging libraries",
            "homepage": "https://github.com/php-fig/log",
            "keywords": [
                "log",
                "psr",
                "psr-3"
            ],
            "support": {
                "source": "https://github.com/php-fig/log/tree/1.1.4"
            },
            "time": "2021-05-03T11:20:27+00:00"
        },
        {
            "name": "react/promise",
            "version": "v2.10.0",
            "source": {
                "type": "git",
                "url": "https://github.com/reactphp/promise.git",
                "reference": "f913fb8cceba1e6644b7b90c4bfb678ed8a3ef38"
            },
            "dist": {
                "type": "zip",
                "url": "https://api.github.com/repos/reactphp/promise/zipball/f913fb8cceba1e6644b7b90c4bfb678ed8a3ef38",
                "reference": "f913fb8cceba1e6644b7b90c4bfb678ed8a3ef38",
                "shasum": ""
            },
            "require": {
                "php": ">=5.4.0"
            },
            "require-dev": {
                "phpunit/phpunit": "^9.5 || ^5.7 || ^4.8.36"
            },
            "type": "library",
            "autoload": {
                "files": [
                    "src/functions_include.php"
                ],
                "psr-4": {
                    "React\\Promise\\": "src/"
                }
            },
            "notification-url": "https://packagist.org/downloads/",
            "license": [
                "MIT"
            ],
            "authors": [
                {
                    "name": "Jan Sorgalla",
                    "email": "jsorgalla@gmail.com",
                    "homepage": "https://sorgalla.com/"
                },
                {
                    "name": "Christian Lück",
                    "email": "christian@clue.engineering",
                    "homepage": "https://clue.engineering/"
                },
                {
                    "name": "Cees-Jan Kiewiet",
                    "email": "reactphp@ceesjankiewiet.nl",
                    "homepage": "https://wyrihaximus.net/"
                },
                {
                    "name": "Chris Boden",
                    "email": "cboden@gmail.com",
                    "homepage": "https://cboden.dev/"
                }
            ],
            "description": "A lightweight implementation of CommonJS Promises/A for PHP",
            "keywords": [
                "promise",
                "promises"
            ],
            "support": {
                "issues": "https://github.com/reactphp/promise/issues",
                "source": "https://github.com/reactphp/promise/tree/v2.10.0"
            },
            "funding": [
                {
                    "url": "https://opencollective.com/reactphp",
                    "type": "open_collective"
                }
            ],
            "time": "2023-05-02T15:15:43+00:00"
        }
    ],
    "packages-dev": [],
    "aliases": [],
    "minimum-stability": "stable",
    "stability-flags": [],
    "prefer-stable": false,
    "prefer-lowest": false,
    "platform": [],
    "platform-dev": [],
    "plugin-api-version": "2.0.0"
}
